
Microsoft Visual Studio Solution File, Format Version 12.00
# Visual Studio Version 17
VisualStudioVersion = 17.9.34714.143
MinimumVisualStudioVersion = 10.0.40219.1
Project("{FAE04EC0-301F-11D3-BF4B-00C04F79EFBC}") = "ConcertAdminApplication", "ConcertAdminApplication.csproj", "{D4715608-B9E0-4494-994E-47FD92F60F5B}"
EndProject
Global
	GlobalSection(SolutionConfigurationPlatforms) = preSolution
		Debug|Any CPU = Debug|Any CPU
		Release|Any CPU = Release|Any CPU
	EndGlobalSection
	GlobalSection(ProjectConfigurationPlatforms) = postSolution
		{D4715608-B9E0-4494-994E-47FD92F60F5B}.Debug|Any CPU.ActiveCfg = Debug|Any CPU
		{D4715608-B9E0-4494-994E-47FD92F60F5B}.Debug|Any CPU.Build.0 = Debug|Any CPU
		{D4715608-B9E0-4494-994E-47FD92F60F5B}.Release|Any CPU.ActiveCfg = Release|Any CPU
		{D4715608-B9E0-4494-994E-47FD92F60F5B}.Release|Any CPU.Build.0 = Release|Any CPU
	EndGlobalSection
	GlobalSection(SolutionProperties) = preSolution
		HideSolutionNode = FALSE
	EndGlobalSection
	GlobalSection(ExtensibilityGlobals) = postSolution
		SolutionGuid = {82287CA9-9E68-45FA-A7E1-E3CB88776893}
	EndGlobalSection
EndGlobal
