
Microsoft Visual Studio Solution File, Format Version 12.00
# Visual Studio Version 17
VisualStudioVersion = 17.9.34622.214
MinimumVisualStudioVersion = 10.0.40219.1
Project("{FAE04EC0-301F-11D3-BF4B-00C04F79EFBC}") = "Lab1.Web", "Lab1.Web\Lab1.Web.csproj", "{3294F16D-6073-43D7-88D1-EA767A0E643A}"
EndProject
Project("{FAE04EC0-301F-11D3-BF4B-00C04F79EFBC}") = "Lab1.Service", "Lab1.Service\Lab1.Service.csproj", "{65ED3166-7D8C-421A-95EA-96397244DF34}"
EndProject
Project("{FAE04EC0-301F-11D3-BF4B-00C04F79EFBC}") = "Lab1.Repository", "Lab1.Repository\Lab1.Repository.csproj", "{7E87C3F2-187A-4F3E-86AC-152E485B8630}"
EndProject
Project("{FAE04EC0-301F-11D3-BF4B-00C04F79EFBC}") = "Lab1.Domain", "Lab1.Domain\Lab1.Domain.csproj", "{C58881E5-D4D0-4EC8-8931-30E67E0E62CD}"
EndProject
Global
	GlobalSection(SolutionConfigurationPlatforms) = preSolution
		Debug|Any CPU = Debug|Any CPU
		Release|Any CPU = Release|Any CPU
	EndGlobalSection
	GlobalSection(ProjectConfigurationPlatforms) = postSolution
		{3294F16D-6073-43D7-88D1-EA767A0E643A}.Debug|Any CPU.ActiveCfg = Debug|Any CPU
		{3294F16D-6073-43D7-88D1-EA767A0E643A}.Debug|Any CPU.Build.0 = Debug|Any CPU
		{3294F16D-6073-43D7-88D1-EA767A0E643A}.Release|Any CPU.ActiveCfg = Release|Any CPU
		{3294F16D-6073-43D7-88D1-EA767A0E643A}.Release|Any CPU.Build.0 = Release|Any CPU
		{65ED3166-7D8C-421A-95EA-96397244DF34}.Debug|Any CPU.ActiveCfg = Debug|Any CPU
		{65ED3166-7D8C-421A-95EA-96397244DF34}.Debug|Any CPU.Build.0 = Debug|Any CPU
		{65ED3166-7D8C-421A-95EA-96397244DF34}.Release|Any CPU.ActiveCfg = Release|Any CPU
		{65ED3166-7D8C-421A-95EA-96397244DF34}.Release|Any CPU.Build.0 = Release|Any CPU
		{7E87C3F2-187A-4F3E-86AC-152E485B8630}.Debug|Any CPU.ActiveCfg = Debug|Any CPU
		{7E87C3F2-187A-4F3E-86AC-152E485B8630}.Debug|Any CPU.Build.0 = Debug|Any CPU
		{7E87C3F2-187A-4F3E-86AC-152E485B8630}.Release|Any CPU.ActiveCfg = Release|Any CPU
		{7E87C3F2-187A-4F3E-86AC-152E485B8630}.Release|Any CPU.Build.0 = Release|Any CPU
		{C58881E5-D4D0-4EC8-8931-30E67E0E62CD}.Debug|Any CPU.ActiveCfg = Debug|Any CPU
		{C58881E5-D4D0-4EC8-8931-30E67E0E62CD}.Debug|Any CPU.Build.0 = Debug|Any CPU
		{C58881E5-D4D0-4EC8-8931-30E67E0E62CD}.Release|Any CPU.ActiveCfg = Release|Any CPU
		{C58881E5-D4D0-4EC8-8931-30E67E0E62CD}.Release|Any CPU.Build.0 = Release|Any CPU
	EndGlobalSection
	GlobalSection(SolutionProperties) = preSolution
		HideSolutionNode = FALSE
	EndGlobalSection
	GlobalSection(ExtensibilityGlobals) = postSolution
		SolutionGuid = {A866E0D4-BAB3-4F32-BF77-AEF55B486B93}
	EndGlobalSection
EndGlobal
