
Microsoft Visual Studio Solution File, Format Version 12.00
# Visual Studio Version 17
VisualStudioVersion = 17.10.35013.160
MinimumVisualStudioVersion = 10.0.40219.1
Project("{FAE04EC0-301F-11D3-BF4B-00C04F79EFBC}") = "VezbanjeAdminApp", "VezbanjeAdminApp\VezbanjeAdminApp.csproj", "{18E17C19-E477-4738-B208-29B9D367EE70}"
EndProject
Global
	GlobalSection(SolutionConfigurationPlatforms) = preSolution
		Debug|Any CPU = Debug|Any CPU
		Release|Any CPU = Release|Any CPU
	EndGlobalSection
	GlobalSection(ProjectConfigurationPlatforms) = postSolution
		{18E17C19-E477-4738-B208-29B9D367EE70}.Debug|Any CPU.ActiveCfg = Debug|Any CPU
		{18E17C19-E477-4738-B208-29B9D367EE70}.Debug|Any CPU.Build.0 = Debug|Any CPU
		{18E17C19-E477-4738-B208-29B9D367EE70}.Release|Any CPU.ActiveCfg = Release|Any CPU
		{18E17C19-E477-4738-B208-29B9D367EE70}.Release|Any CPU.Build.0 = Release|Any CPU
	EndGlobalSection
	GlobalSection(SolutionProperties) = preSolution
		HideSolutionNode = FALSE
	EndGlobalSection
	GlobalSection(ExtensibilityGlobals) = postSolution
		SolutionGuid = {B09A6C8A-9706-4C63-96A2-C31C1D2D0509}
	EndGlobalSection
EndGlobal
