
Microsoft Visual Studio Solution File, Format Version 12.00
# Visual Studio Version 17
VisualStudioVersion = 17.6.33815.320
MinimumVisualStudioVersion = 10.0.40219.1
Project("{FAE04EC0-301F-11D3-BF4B-00C04F79EFBC}") = "AudKladilnica", "AudKladilnica.csproj", "{AEE5EDB2-CA48-425D-9DEA-6FE4521D734D}"
EndProject
Global
	GlobalSection(SolutionConfigurationPlatforms) = preSolution
		Debug|Any CPU = Debug|Any CPU
		Release|Any CPU = Release|Any CPU
	EndGlobalSection
	GlobalSection(ProjectConfigurationPlatforms) = postSolution
		{AEE5EDB2-CA48-425D-9DEA-6FE4521D734D}.Debug|Any CPU.ActiveCfg = Debug|Any CPU
		{AEE5EDB2-CA48-425D-9DEA-6FE4521D734D}.Debug|Any CPU.Build.0 = Debug|Any CPU
		{AEE5EDB2-CA48-425D-9DEA-6FE4521D734D}.Release|Any CPU.ActiveCfg = Release|Any CPU
		{AEE5EDB2-CA48-425D-9DEA-6FE4521D734D}.Release|Any CPU.Build.0 = Release|Any CPU
	EndGlobalSection
	GlobalSection(SolutionProperties) = preSolution
		HideSolutionNode = FALSE
	EndGlobalSection
	GlobalSection(ExtensibilityGlobals) = postSolution
		SolutionGuid = {29B735DA-8FF4-4112-8643-63EDCCD98A0F}
	EndGlobalSection
EndGlobal
